
Microsoft Visual Studio Solution File, Format Version 11.00
# Visual Studio 2010
Project("{FAE04EC0-301F-11D3-BF4B-00C04F79EFBC}") = "Projeto-Esmaga-os-Coleguinhas", "Assembly-CSharp.csproj", "{6EBECC47-6E8D-0842-C9B3-9CD2446C962D}"
EndProject
Global
	GlobalSection(SolutionConfigurationPlatforms) = preSolution
		Debug|Any CPU = Debug|Any CPU
		Release|Any CPU = Release|Any CPU
	EndGlobalSection
	GlobalSection(ProjectConfigurationPlatforms) = postSolution
		{6EBECC47-6E8D-0842-C9B3-9CD2446C962D}.Debug|Any CPU.ActiveCfg = Debug|Any CPU
		{6EBECC47-6E8D-0842-C9B3-9CD2446C962D}.Debug|Any CPU.Build.0 = Debug|Any CPU
		{6EBECC47-6E8D-0842-C9B3-9CD2446C962D}.Release|Any CPU.ActiveCfg = Release|Any CPU
		{6EBECC47-6E8D-0842-C9B3-9CD2446C962D}.Release|Any CPU.Build.0 = Release|Any CPU
	EndGlobalSection
	GlobalSection(SolutionProperties) = preSolution
		HideSolutionNode = FALSE
	EndGlobalSection
	GlobalSection(MonoDevelopProperties) = preSolution
		StartupItem = Assembly-CSharp.csproj
	EndGlobalSection
EndGlobal
