<?xml version="1.0" encoding="UTF-8" standalone="yes" ?>
<CodeBlocks_project_file>
	<FileVersion major="1" minor="6" />
	<Project>
		<Option title="Projeto Esmaga os Coleguinhas" />
		<Option pch_mode="2" />
		<Option compiler="gcc" />
		<Build>
			<Target title="Debug">
				<Option output="bin/Debug/Projeto Esmaga os Coleguinhas" prefix_auto="1" extension_auto="1" />
				<Option object_output="obj/Debug/" />
				<Option type="1" />
				<Option compiler="gcc" />
				<Compiler>
					<Add option="-g" />
				</Compiler>
			</Target>
			<Target title="Release">
				<Option output="bin/Release/Projeto Esmaga os Coleguinhas" prefix_auto="1" extension_auto="1" />
				<Option object_output="obj/Release/" />
				<Option type="1" />
				<Option compiler="gcc" />
				<Compiler>
					<Add option="-O2" />
					<Add option="-ansi" />
					<Add directory="Códigos/Bibliotecas/PIGv0.5.1/include/SDL_image" />
					<Add directory="Códigos/Bibliotecas/PIGv0.5.1/include/SDL" />
					<Add directory="Códigos/Bibliotecas/PIGv0.5.1/include" />
				</Compiler>
				<Linker>
					<Add option="-s" />
					<Add option="-lmingw32 -lSDL2main -lSDL2   -lSDL2_image -lSDL2_ttf" />
					<Add directory="Códigos/Bibliotecas/PIGv0.5.1/bin" />
					<Add directory="Códigos/Bibliotecas/PIGv0.5.1/lib" />
				</Linker>
			</Target>
		</Build>
		<Compiler>
			<Add option="-Wall" />
			<Add option="-fexceptions" />
		</Compiler>
		<Unit filename="Códigos/Classes/cenario.cpp" />
		<Unit filename="Códigos/Classes/personagem.cpp" />
		<Unit filename="Códigos/iniciar.cpp" />
		<Unit filename="main.cpp" />
		<Extensions>
			<code_completion />
			<envvars />
			<debugger />
			<lib_finder disable_auto="1" />
		</Extensions>
	</Project>
</CodeBlocks_project_file>
